// !$*UTF8*$!
{
	archiveVersion = 1;
	classes = {
	};
	objectVersion = 46;
	objects = {

/* Begin PBXBuildFile section */
		6012D7EC1D7D721100297AA5 /* emojis.data in Resources */ = {isa = PBXBuildFile; fileRef = 6012D7EB1D7D721100297AA5 /* emojis.data */; };
		6012D7EF1D7D722800297AA5 /* emojis.plist in Resources */ = {isa = PBXBuildFile; fileRef = 6012D7ED1D7D722800297AA5 /* emojis.plist */; };
		6012D7F01D7D722800297AA5 /* emojisdata.plist in Resources */ = {isa = PBXBuildFile; fileRef = 6012D7EE1D7D722800297AA5 /* emojisdata.plist */; };
		6012D8011D7D945800297AA5 /* emojis91.plist in Resources */ = {isa = PBXBuildFile; fileRef = 6012D7FC1D7D945800297AA5 /* emojis91.plist */; };
		6012D8041D7D945800297AA5 /* emojisex.plist in Resources */ = {isa = PBXBuildFile; fileRef = 6012D7FF1D7D945800297AA5 /* emojisex.plist */; };
		6012D8091D7D9E1700297AA5 /* emojis91data.plist in Resources */ = {isa = PBXBuildFile; fileRef = 6012D8061D7D9E1700297AA5 /* emojis91data.plist */; };
		6012D80A1D7D9E1700297AA5 /* emojisex.data in Resources */ = {isa = PBXBuildFile; fileRef = 6012D8071D7D9E1700297AA5 /* emojisex.data */; };
		6012D80B1D7D9E1700297AA5 /* emojisexdata.plist in Resources */ = {isa = PBXBuildFile; fileRef = 6012D8081D7D9E1700297AA5 /* emojisexdata.plist */; };
		604F2E181D780E7E0075A339 /* Category-Emoji_10.0.json in Resources */ = {isa = PBXBuildFile; fileRef = 604F2E171D780E7E0075A339 /* Category-Emoji_10.0.json */; };
		609507D21BC7A09C000D88EC /* Category-Emoji_9.1.json in Resources */ = {isa = PBXBuildFile; fileRef = 609507D11BC7A09C000D88EC /* Category-Emoji_9.1.json */; };
		60A53F091F8E434C008F62B6 /* emojis102.plist in Resources */ = {isa = PBXBuildFile; fileRef = 60A53F081F8E434C008F62B6 /* emojis102.plist */; };
		60BF6FCA1BC796C000DC3D63 /* main.m in Sources */ = {isa = PBXBuildFile; fileRef = 60BF6FC91BC796C000DC3D63 /* main.m */; };
		60BF6FCD1BC796C000DC3D63 /* AppDelegate.m in Sources */ = {isa = PBXBuildFile; fileRef = 60BF6FCC1BC796C000DC3D63 /* AppDelegate.m */; };
		60BF6FD01BC796C000DC3D63 /* ViewController.m in Sources */ = {isa = PBXBuildFile; fileRef = 60BF6FCF1BC796C000DC3D63 /* ViewController.m */; };
		60BF6FD31BC796C000DC3D63 /* Main.storyboard in Resources */ = {isa = PBXBuildFile; fileRef = 60BF6FD11BC796C000DC3D63 /* Main.storyboard */; };
		60BF6FD51BC796C000DC3D63 /* Assets.xcassets in Resources */ = {isa = PBXBuildFile; fileRef = 60BF6FD41BC796C000DC3D63 /* Assets.xcassets */; };
		60BF6FD81BC796C000DC3D63 /* LaunchScreen.storyboard in Resources */ = {isa = PBXBuildFile; fileRef = 60BF6FD61BC796C000DC3D63 /* LaunchScreen.storyboard */; };
		60CBECCC1E07BBB600F17FA9 /* emojis10.plist in Resources */ = {isa = PBXBuildFile; fileRef = 60CBECCA1E07BBB600F17FA9 /* emojis10.plist */; };
		60CBECCD1E07BBB600F17FA9 /* emojis10data.plist in Resources */ = {isa = PBXBuildFile; fileRef = 60CBECCB1E07BBB600F17FA9 /* emojis10data.plist */; };
		60CBECCF1E07BBD000F17FA9 /* Category-Emoji_10.2.json in Resources */ = {isa = PBXBuildFile; fileRef = 60CBECCE1E07BBD000F17FA9 /* Category-Emoji_10.2.json */; };
		60CBECD11E07CAD400F17FA9 /* emojisex_10.data in Resources */ = {isa = PBXBuildFile; fileRef = 60CBECD01E07C1F800F17FA9 /* emojisex_10.data */; };
/* End PBXBuildFile section */

/* Begin PBXFileReference section */
		6012D7EB1D7D721100297AA5 /* emojis.data */ = {isa = PBXFileReference; lastKnownFileType = file; path = emojis.data; sourceTree = "<group>"; };
		6012D7ED1D7D722800297AA5 /* emojis.plist */ = {isa = PBXFileReference; fileEncoding = 4; lastKnownFileType = text.plist.xml; path = emojis.plist; sourceTree = "<group>"; };
		6012D7EE1D7D722800297AA5 /* emojisdata.plist */ = {isa = PBXFileReference; fileEncoding = 4; lastKnownFileType = text.plist.xml; path = emojisdata.plist; sourceTree = "<group>"; };
		6012D7FC1D7D945800297AA5 /* emojis91.plist */ = {isa = PBXFileReference; fileEncoding = 4; lastKnownFileType = text.plist.xml; path = emojis91.plist; sourceTree = "<group>"; };
		6012D7FF1D7D945800297AA5 /* emojisex.plist */ = {isa = PBXFileReference; fileEncoding = 4; lastKnownFileType = text.plist.xml; path = emojisex.plist; sourceTree = "<group>"; };
		6012D8061D7D9E1700297AA5 /* emojis91data.plist */ = {isa = PBXFileReference; fileEncoding = 4; lastKnownFileType = text.plist.xml; path = emojis91data.plist; sourceTree = "<group>"; };
		6012D8071D7D9E1700297AA5 /* emojisex.data */ = {isa = PBXFileReference; lastKnownFileType = file; path = emojisex.data; sourceTree = "<group>"; };
		6012D8081D7D9E1700297AA5 /* emojisexdata.plist */ = {isa = PBXFileReference; fileEncoding = 4; lastKnownFileType = text.plist.xml; path = emojisexdata.plist; sourceTree = "<group>"; };
		604F2E171D780E7E0075A339 /* Category-Emoji_10.0.json */ = {isa = PBXFileReference; fileEncoding = 4; lastKnownFileType = text.json; path = "Category-Emoji_10.0.json"; sourceTree = "<group>"; };
		609507D11BC7A09C000D88EC /* Category-Emoji_9.1.json */ = {isa = PBXFileReference; fileEncoding = 4; lastKnownFileType = text.json; path = "Category-Emoji_9.1.json"; sourceTree = "<group>"; };
		60A53F081F8E434C008F62B6 /* emojis102.plist */ = {isa = PBXFileReference; fileEncoding = 4; lastKnownFileType = text.plist.xml; path = emojis102.plist; sourceTree = "<group>"; };
		60BF6FC51BC796C000DC3D63 /* EmojiCreator.app */ = {isa = PBXFileReference; explicitFileType = wrapper.application; includeInIndex = 0; path = EmojiCreator.app; sourceTree = BUILT_PRODUCTS_DIR; };
		60BF6FC91BC796C000DC3D63 /* main.m */ = {isa = PBXFileReference; lastKnownFileType = sourcecode.c.objc; path = main.m; sourceTree = "<group>"; };
		60BF6FCB1BC796C000DC3D63 /* AppDelegate.h */ = {isa = PBXFileReference; lastKnownFileType = sourcecode.c.h; path = AppDelegate.h; sourceTree = "<group>"; };
		60BF6FCC1BC796C000DC3D63 /* AppDelegate.m */ = {isa = PBXFileReference; lastKnownFileType = sourcecode.c.objc; path = AppDelegate.m; sourceTree = "<group>"; };
		60BF6FCE1BC796C000DC3D63 /* ViewController.h */ = {isa = PBXFileReference; lastKnownFileType = sourcecode.c.h; path = ViewController.h; sourceTree = "<group>"; };
		60BF6FCF1BC796C000DC3D63 /* ViewController.m */ = {isa = PBXFileReference; lastKnownFileType = sourcecode.c.objc; path = ViewController.m; sourceTree = "<group>"; };
		60BF6FD21BC796C000DC3D63 /* Base */ = {isa = PBXFileReference; lastKnownFileType = file.storyboard; name = Base; path = Base.lproj/Main.storyboard; sourceTree = "<group>"; };
		60BF6FD41BC796C000DC3D63 /* Assets.xcassets */ = {isa = PBXFileReference; lastKnownFileType = folder.assetcatalog; path = Assets.xcassets; sourceTree = "<group>"; };
		60BF6FD71BC796C000DC3D63 /* Base */ = {isa = PBXFileReference; lastKnownFileType = file.storyboard; name = Base; path = Base.lproj/LaunchScreen.storyboard; sourceTree = "<group>"; };
		60BF6FD91BC796C000DC3D63 /* Info.plist */ = {isa = PBXFileReference; lastKnownFileType = text.plist.xml; path = Info.plist; sourceTree = "<group>"; };
		60CBECCA1E07BBB600F17FA9 /* emojis10.plist */ = {isa = PBXFileReference; fileEncoding = 4; lastKnownFileType = text.plist.xml; path = emojis10.plist; sourceTree = "<group>"; };
		60CBECCB1E07BBB600F17FA9 /* emojis10data.plist */ = {isa = PBXFileReference; fileEncoding = 4; lastKnownFileType = text.plist.xml; path = emojis10data.plist; sourceTree = "<group>"; };
		60CBECCE1E07BBD000F17FA9 /* Category-Emoji_10.2.json */ = {isa = PBXFileReference; fileEncoding = 4; lastKnownFileType = text.json; path = "Category-Emoji_10.2.json"; sourceTree = "<group>"; };
		60CBECD01E07C1F800F17FA9 /* emojisex_10.data */ = {isa = PBXFileReference; lastKnownFileType = file; path = emojisex_10.data; sourceTree = "<group>"; };
/* End PBXFileReference section */

/* Begin PBXFrameworksBuildPhase section */
		60BF6FC21BC796C000DC3D63 /* Frameworks */ = {
			isa = PBXFrameworksBuildPhase;
			buildActionMask = 2147483647;
			files = (
			);
			runOnlyForDeploymentPostprocessing = 0;
		};
/* End PBXFrameworksBuildPhase section */

/* Begin PBXGroup section */
		60BF6FBC1BC796C000DC3D63 = {
			isa = PBXGroup;
			children = (
				60BF6FC71BC796C000DC3D63 /* EmojiCreator */,
				60BF6FC61BC796C000DC3D63 /* Products */,
			);
			sourceTree = "<group>";
		};
		60BF6FC61BC796C000DC3D63 /* Products */ = {
			isa = PBXGroup;
			children = (
				60BF6FC51BC796C000DC3D63 /* EmojiCreator.app */,
			);
			name = Products;
			sourceTree = "<group>";
		};
		60BF6FC71BC796C000DC3D63 /* EmojiCreator */ = {
			isa = PBXGroup;
			children = (
				60BF6FCB1BC796C000DC3D63 /* AppDelegate.h */,
				60BF6FCC1BC796C000DC3D63 /* AppDelegate.m */,
				60BF6FCE1BC796C000DC3D63 /* ViewController.h */,
				60BF6FCF1BC796C000DC3D63 /* ViewController.m */,
				60BF6FD11BC796C000DC3D63 /* Main.storyboard */,
				60BF6FD41BC796C000DC3D63 /* Assets.xcassets */,
				60BF6FD61BC796C000DC3D63 /* LaunchScreen.storyboard */,
				60BF6FD91BC796C000DC3D63 /* Info.plist */,
				609507D11BC7A09C000D88EC /* Category-Emoji_9.1.json */,
				604F2E171D780E7E0075A339 /* Category-Emoji_10.0.json */,
				60CBECCE1E07BBD000F17FA9 /* Category-Emoji_10.2.json */,
				6012D7EB1D7D721100297AA5 /* emojis.data */,
				6012D7ED1D7D722800297AA5 /* emojis.plist */,
				6012D7FC1D7D945800297AA5 /* emojis91.plist */,
				6012D8061D7D9E1700297AA5 /* emojis91data.plist */,
				60CBECCA1E07BBB600F17FA9 /* emojis10.plist */,
				60CBECCB1E07BBB600F17FA9 /* emojis10data.plist */,
				60A53F081F8E434C008F62B6 /* emojis102.plist */,
				6012D8071D7D9E1700297AA5 /* emojisex.data */,
				60CBECD01E07C1F800F17FA9 /* emojisex_10.data */,
				6012D8081D7D9E1700297AA5 /* emojisexdata.plist */,
				6012D7FF1D7D945800297AA5 /* emojisex.plist */,
				6012D7EE1D7D722800297AA5 /* emojisdata.plist */,
				60BF6FC81BC796C000DC3D63 /* Supporting Files */,
			);
			path = EmojiCreator;
			sourceTree = "<group>";
		};
		60BF6FC81BC796C000DC3D63 /* Supporting Files */ = {
			isa = PBXGroup;
			children = (
				60BF6FC91BC796C000DC3D63 /* main.m */,
			);
			name = "Supporting Files";
			sourceTree = "<group>";
		};
/* End PBXGroup section */

/* Begin PBXNativeTarget section */
		60BF6FC41BC796C000DC3D63 /* EmojiCreator */ = {
			isa = PBXNativeTarget;
			buildConfigurationList = 60BF6FDC1BC796C000DC3D63 /* Build configuration list for PBXNativeTarget "EmojiCreator" */;
			buildPhases = (
				60BF6FC11BC796C000DC3D63 /* Sources */,
				60BF6FC21BC796C000DC3D63 /* Frameworks */,
				60BF6FC31BC796C000DC3D63 /* Resources */,
			);
			buildRules = (
			);
			dependencies = (
			);
			name = EmojiCreator;
			productName = EmojiCreator;
			productReference = 60BF6FC51BC796C000DC3D63 /* EmojiCreator.app */;
			productType = "com.apple.product-type.application";
		};
/* End PBXNativeTarget section */

/* Begin PBXProject section */
		60BF6FBD1BC796C000DC3D63 /* Project object */ = {
			isa = PBXProject;
			attributes = {
				LastUpgradeCheck = 0700;
				ORGANIZATIONNAME = Baidu;
				TargetAttributes = {
					60BF6FC41BC796C000DC3D63 = {
						CreatedOnToolsVersion = 7.0;
					};
				};
			};
			buildConfigurationList = 60BF6FC01BC796C000DC3D63 /* Build configuration list for PBXProject "EmojiCreator" */;
			compatibilityVersion = "Xcode 3.2";
			developmentRegion = English;
			hasScannedForEncodings = 0;
			knownRegions = (
				en,
				Base,
			);
			mainGroup = 60BF6FBC1BC796C000DC3D63;
			productRefGroup = 60BF6FC61BC796C000DC3D63 /* Products */;
			projectDirPath = "";
			projectRoot = "";
			targets = (
				60BF6FC41BC796C000DC3D63 /* EmojiCreator */,
			);
		};
/* End PBXProject section */

/* Begin PBXResourcesBuildPhase section */
		60BF6FC31BC796C000DC3D63 /* Resources */ = {
			isa = PBXResourcesBuildPhase;
			buildActionMask = 2147483647;
			files = (
				6012D8091D7D9E1700297AA5 /* emojis91data.plist in Resources */,
				6012D7EC1D7D721100297AA5 /* emojis.data in Resources */,
				60BF6FD81BC796C000DC3D63 /* LaunchScreen.storyboard in Resources */,
				6012D7F01D7D722800297AA5 /* emojisdata.plist in Resources */,
				6012D80B1D7D9E1700297AA5 /* emojisexdata.plist in Resources */,
				60A53F091F8E434C008F62B6 /* emojis102.plist in Resources */,
				60CBECD11E07CAD400F17FA9 /* emojisex_10.data in Resources */,
				60BF6FD51BC796C000DC3D63 /* Assets.xcassets in Resources */,
				6012D8041D7D945800297AA5 /* emojisex.plist in Resources */,
				604F2E181D780E7E0075A339 /* Category-Emoji_10.0.json in Resources */,
				609507D21BC7A09C000D88EC /* Category-Emoji_9.1.json in Resources */,
				6012D7EF1D7D722800297AA5 /* emojis.plist in Resources */,
				60CBECCF1E07BBD000F17FA9 /* Category-Emoji_10.2.json in Resources */,
				60CBECCC1E07BBB600F17FA9 /* emojis10.plist in Resources */,
				6012D80A1D7D9E1700297AA5 /* emojisex.data in Resources */,
				6012D8011D7D945800297AA5 /* emojis91.plist in Resources */,
				60CBECCD1E07BBB600F17FA9 /* emojis10data.plist in Resources */,
				60BF6FD31BC796C000DC3D63 /* Main.storyboard in Resources */,
			);
			runOnlyForDeploymentPostprocessing = 0;
		};
/* End PBXResourcesBuildPhase section */

/* Begin PBXSourcesBuildPhase section */
		60BF6FC11BC796C000DC3D63 /* Sources */ = {
			isa = PBXSourcesBuildPhase;
			buildActionMask = 2147483647;
			files = (
				60BF6FD01BC796C000DC3D63 /* ViewController.m in Sources */,
				60BF6FCD1BC796C000DC3D63 /* AppDelegate.m in Sources */,
				60BF6FCA1BC796C000DC3D63 /* main.m in Sources */,
			);
			runOnlyForDeploymentPostprocessing = 0;
		};
/* End PBXSourcesBuildPhase section */

/* Begin PBXVariantGroup section */
		60BF6FD11BC796C000DC3D63 /* Main.storyboard */ = {
			isa = PBXVariantGroup;
			children = (
				60BF6FD21BC796C000DC3D63 /* Base */,
			);
			name = Main.storyboard;
			sourceTree = "<group>";
		};
		60BF6FD61BC796C000DC3D63 /* LaunchScreen.storyboard */ = {
			isa = PBXVariantGroup;
			children = (
				60BF6FD71BC796C000DC3D63 /* Base */,
			);
			name = LaunchScreen.storyboard;
			sourceTree = "<group>";
		};
/* End PBXVariantGroup section */

/* Begin XCBuildConfiguration section */
		60BF6FDA1BC796C000DC3D63 /* Debug */ = {
			isa = XCBuildConfiguration;
			buildSettings = {
				ALWAYS_SEARCH_USER_PATHS = NO;
				CLANG_CXX_LANGUAGE_STANDARD = "gnu++0x";
				CLANG_CXX_LIBRARY = "libc++";
				CLANG_ENABLE_MODULES = YES;
				CLANG_ENABLE_OBJC_ARC = YES;
				CLANG_WARN_BOOL_CONVERSION = YES;
				CLANG_WARN_CONSTANT_CONVERSION = YES;
				CLANG_WARN_DIRECT_OBJC_ISA_USAGE = YES_ERROR;
				CLANG_WARN_EMPTY_BODY = YES;
				CLANG_WARN_ENUM_CONVERSION = YES;
				CLANG_WARN_INT_CONVERSION = YES;
				CLANG_WARN_OBJC_ROOT_CLASS = YES_ERROR;
				CLANG_WARN_UNREACHABLE_CODE = YES;
				CLANG_WARN__DUPLICATE_METHOD_MATCH = YES;
				"CODE_SIGN_IDENTITY[sdk=iphoneos*]" = "iPhone Developer";
				COPY_PHASE_STRIP = NO;
				DEBUG_INFORMATION_FORMAT = dwarf;
				ENABLE_STRICT_OBJC_MSGSEND = YES;
				ENABLE_TESTABILITY = YES;
				GCC_C_LANGUAGE_STANDARD = gnu99;
				GCC_DYNAMIC_NO_PIC = NO;
				GCC_NO_COMMON_BLOCKS = YES;
				GCC_OPTIMIZATION_LEVEL = 0;
				GCC_PREPROCESSOR_DEFINITIONS = (
					"DEBUG=1",
					"$(inherited)",
				);
				GCC_WARN_64_TO_32_BIT_CONVERSION = YES;
				GCC_WARN_ABOUT_RETURN_TYPE = YES_ERROR;
				GCC_WARN_UNDECLARED_SELECTOR = YES;
				GCC_WARN_UNINITIALIZED_AUTOS = YES_AGGRESSIVE;
				GCC_WARN_UNUSED_FUNCTION = YES;
				GCC_WARN_UNUSED_VARIABLE = YES;
				IPHONEOS_DEPLOYMENT_TARGET = 9.0;
				MTL_ENABLE_DEBUG_INFO = YES;
				ONLY_ACTIVE_ARCH = YES;
				SDKROOT = iphoneos;
			};
			name = Debug;
		};
		60BF6FDB1BC796C000DC3D63 /* Release */ = {
			isa = XCBuildConfiguration;
			buildSettings = {
				ALWAYS_SEARCH_USER_PATHS = NO;
				CLANG_CXX_LANGUAGE_STANDARD = "gnu++0x";
				CLANG_CXX_LIBRARY = "libc++";
				CLANG_ENABLE_MODULES = YES;
				CLANG_ENABLE_OBJC_ARC = YES;
				CLANG_WARN_BOOL_CONVERSION = YES;
				CLANG_WARN_CONSTANT_CONVERSION = YES;
				CLANG_WARN_DIRECT_OBJC_ISA_USAGE = YES_ERROR;
				CLANG_WARN_EMPTY_BODY = YES;
				CLANG_WARN_ENUM_CONVERSION = YES;
				CLANG_WARN_INT_CONVERSION = YES;
				CLANG_WARN_OBJC_ROOT_CLASS = YES_ERROR;
				CLANG_WARN_UNREACHABLE_CODE = YES;
				CLANG_WARN__DUPLICATE_METHOD_MATCH = YES;
				"CODE_SIGN_IDENTITY[sdk=iphoneos*]" = "iPhone Developer";
				COPY_PHASE_STRIP = NO;
				DEBUG_INFORMATION_FORMAT = "dwarf-with-dsym";
				ENABLE_NS_ASSERTIONS = NO;
				ENABLE_STRICT_OBJC_MSGSEND = YES;
				GCC_C_LANGUAGE_STANDARD = gnu99;
				GCC_NO_COMMON_BLOCKS = YES;
				GCC_WARN_64_TO_32_BIT_CONVERSION = YES;
				GCC_WARN_ABOUT_RETURN_TYPE = YES_ERROR;
				GCC_WARN_UNDECLARED_SELECTOR = YES;
				GCC_WARN_UNINITIALIZED_AUTOS = YES_AGGRESSIVE;
				GCC_WARN_UNUSED_FUNCTION = YES;
				GCC_WARN_UNUSED_VARIABLE = YES;
				IPHONEOS_DEPLOYMENT_TARGET = 9.0;
				MTL_ENABLE_DEBUG_INFO = NO;
				SDKROOT = iphoneos;
				VALIDATE_PRODUCT = YES;
			};
			name = Release;
		};
		60BF6FDD1BC796C000DC3D63 /* Debug */ = {
			isa = XCBuildConfiguration;
			buildSettings = {
				ASSETCATALOG_COMPILER_APPICON_NAME = AppIcon;
				INFOPLIST_FILE = EmojiCreator/Info.plist;
				LD_RUNPATH_SEARCH_PATHS = "$(inherited) @executable_path/Frameworks";
				PRODUCT_BUNDLE_IDENTIFIER = com.baidujp.EmojiCreator;
				PRODUCT_NAME = "$(TARGET_NAME)";
			};
			name = Debug;
		};
		60BF6FDE1BC796C000DC3D63 /* Release */ = {
			isa = XCBuildConfiguration;
			buildSettings = {
				ASSETCATALOG_COMPILER_APPICON_NAME = AppIcon;
				INFOPLIST_FILE = EmojiCreator/Info.plist;
				LD_RUNPATH_SEARCH_PATHS = "$(inherited) @executable_path/Frameworks";
				PRODUCT_BUNDLE_IDENTIFIER = com.baidujp.EmojiCreator;
				PRODUCT_NAME = "$(TARGET_NAME)";
			};
			name = Release;
		};
/* End XCBuildConfiguration section */

/* Begin XCConfigurationList section */
		60BF6FC01BC796C000DC3D63 /* Build configuration list for PBXProject "EmojiCreator" */ = {
			isa = XCConfigurationList;
			buildConfigurations = (
				60BF6FDA1BC796C000DC3D63 /* Debug */,
				60BF6FDB1BC796C000DC3D63 /* Release */,
			);
			defaultConfigurationIsVisible = 0;
			defaultConfigurationName = Release;
		};
		60BF6FDC1BC796C000DC3D63 /* Build configuration list for PBXNativeTarget "EmojiCreator" */ = {
			isa = XCConfigurationList;
			buildConfigurations = (
				60BF6FDD1BC796C000DC3D63 /* Debug */,
				60BF6FDE1BC796C000DC3D63 /* Release */,
			);
			defaultConfigurationIsVisible = 0;
			defaultConfigurationName = Release;
		};
/* End XCConfigurationList section */
	};
	rootObject = 60BF6FBD1BC796C000DC3D63 /* Project object */;
}
